
Microsoft Visual Studio Solution File, Format Version 12.00
Project("{FAE04EC0-301F-11D3-BF4B-00C04F79EFBC}") = "Producer", "Producer\Producer.csproj", "{D113566D-B922-42B0-B1AC-B69358C8B7AE}"
EndProject
Project("{FAE04EC0-301F-11D3-BF4B-00C04F79EFBC}") = "Consumer", "Consumer\Consumer.csproj", "{74C28D4A-911D-4FF3-9D9D-770801BE516C}"
EndProject
Global
	GlobalSection(SolutionConfigurationPlatforms) = preSolution
		Debug|Any CPU = Debug|Any CPU
		Release|Any CPU = Release|Any CPU
	EndGlobalSection
	GlobalSection(ProjectConfigurationPlatforms) = postSolution
		{D113566D-B922-42B0-B1AC-B69358C8B7AE}.Debug|Any CPU.ActiveCfg = Debug|Any CPU
		{D113566D-B922-42B0-B1AC-B69358C8B7AE}.Debug|Any CPU.Build.0 = Debug|Any CPU
		{D113566D-B922-42B0-B1AC-B69358C8B7AE}.Release|Any CPU.ActiveCfg = Release|Any CPU
		{D113566D-B922-42B0-B1AC-B69358C8B7AE}.Release|Any CPU.Build.0 = Release|Any CPU
		{74C28D4A-911D-4FF3-9D9D-770801BE516C}.Debug|Any CPU.ActiveCfg = Debug|Any CPU
		{74C28D4A-911D-4FF3-9D9D-770801BE516C}.Debug|Any CPU.Build.0 = Debug|Any CPU
		{74C28D4A-911D-4FF3-9D9D-770801BE516C}.Release|Any CPU.ActiveCfg = Release|Any CPU
		{74C28D4A-911D-4FF3-9D9D-770801BE516C}.Release|Any CPU.Build.0 = Release|Any CPU
	EndGlobalSection
EndGlobal
